
Microsoft Visual Studio Solution File, Format Version 12.00
# Visual Studio Version 16
VisualStudioVersion = 16.0.32630.195
MinimumVisualStudioVersion = 10.0.40219.1
Project("{FAE04EC0-301F-11D3-BF4B-00C04F79EFBC}") = "eShopSolution.WebApp", "eShopSolution.WebApp\eShopSolution.WebApp.csproj", "{7B278EA4-8342-4674-9AF4-9AA3B563DB1C}"
EndProject
Project("{FAE04EC0-301F-11D3-BF4B-00C04F79EFBC}") = "DataAccess", "DataAccess\DataAccess.csproj", "{84C67B8D-7F4C-4CCF-AFBB-0F2AFE922A1C}"
EndProject
Global
	GlobalSection(SolutionConfigurationPlatforms) = preSolution
		Debug|Any CPU = Debug|Any CPU
		Release|Any CPU = Release|Any CPU
	EndGlobalSection
	GlobalSection(ProjectConfigurationPlatforms) = postSolution
		{7B278EA4-8342-4674-9AF4-9AA3B563DB1C}.Debug|Any CPU.ActiveCfg = Debug|Any CPU
		{7B278EA4-8342-4674-9AF4-9AA3B563DB1C}.Debug|Any CPU.Build.0 = Debug|Any CPU
		{7B278EA4-8342-4674-9AF4-9AA3B563DB1C}.Release|Any CPU.ActiveCfg = Release|Any CPU
		{7B278EA4-8342-4674-9AF4-9AA3B563DB1C}.Release|Any CPU.Build.0 = Release|Any CPU
		{84C67B8D-7F4C-4CCF-AFBB-0F2AFE922A1C}.Debug|Any CPU.ActiveCfg = Debug|Any CPU
		{84C67B8D-7F4C-4CCF-AFBB-0F2AFE922A1C}.Debug|Any CPU.Build.0 = Debug|Any CPU
		{84C67B8D-7F4C-4CCF-AFBB-0F2AFE922A1C}.Release|Any CPU.ActiveCfg = Release|Any CPU
		{84C67B8D-7F4C-4CCF-AFBB-0F2AFE922A1C}.Release|Any CPU.Build.0 = Release|Any CPU
	EndGlobalSection
	GlobalSection(SolutionProperties) = preSolution
		HideSolutionNode = FALSE
	EndGlobalSection
	GlobalSection(ExtensibilityGlobals) = postSolution
		SolutionGuid = {6D79B5EB-F43E-4F9E-AB4C-2C4B7D973651}
	EndGlobalSection
EndGlobal
